PODS:
  - Alamofire (3.3.1)
  - Realm (0.99.0):
    - Realm/Headers (= 0.99.0)
  - Realm/Headers (0.99.0)
  - RealmSwift (0.99.0):
    - Realm (= 0.99.0)
  - SnapKit (0.20.0)
  - SwiftyJSON (2.3.2)
  - Swinject (1.1.1)

DEPENDENCIES:
  - Alamofire
  - RealmSwift
  - SnapKit
  - SwiftyJSON
  - Swinject

SPEC CHECKSUMS:
  Alamofire: 369bc67b6f5ac33ded3648d7bd21c5bfb91c2ecc
  Realm: cf275f109b94e5399896960c90285a043edb3d56
  RealmSwift: f40e5634bbc74f063163561d02acc4aa040d40a5
  SnapKit: 5fce3c1bbbf1fbd31de9aa92f33eb9fa03f15650
  SwiftyJSON: 04ccea08915aa0109039157c7974cf0298da292a
  Swinject: 8c1b46e49c604f8c5c1f45f92ef314d3736bbef4

COCOAPODS: 0.39.0
